dependencies:
  espressif/cmake_utilities:
    component_hash: 351350613ceafba240b761b4ea991e0f231ac7a9f59a9ee901f751bddc0bb18f
    dependencies:
    - name: idf
      registry_url: https://components.espressif.com
      require: private
      version: '>=4.1'
    source:
      registry_url: https://components.espressif.com/
      type: service
    version: 0.5.3
  idf:
    source:
      type: idf
    version: 5.2.1
direct_dependencies:
- espressif/cmake_utilities
- idf
manifest_hash: e9142e46c3fc7008db9fd31e2ff1a40cd10aed935fab3a2ef635a6edd5200578
target: esp32c6
version: 2.0.0
